github.com/Wigata-Intech/w-tools/cli v0.1.0 h1:rv9/VD5zVhX+S4QKZAUJB0qykbzHm7JFvWidRpKPQbs=
github.com/Wigata-Intech/w-tools/cli v0.1.0/go.mod h1:36dtTLDfvBLCFVdzhPj87jFerUcw0QrVTy9Xqsq+aRI=
github.com/Wigata-Intech/w-tools/httpx v0.1.2 h1:LjExGmqw1ONSGE3BnvQ3c7JBuOBsfvjRXMDZ7egO8TE=
github.com/Wigata-Intech/w-tools/httpx v0.1.2/go.mod h1:ReUv88NAKv73JGKdtwh/8FPB7PY0dq7D5aNu6WLkTlA=
github.com/Wigata-Intech/w-tools/logger v0.1.3 h1:BkIihHKu7IireRnGuRE9QkYo7s1QK2Hwuoj/EJKEWdA=
github.com/Wigata-Intech/w-tools/logger v0.1.3/go.mod h1:0PVE36FhqqMd2uAANJ9Tk0pSHpRMJqrBZBl8Xl/yCuw=
