github.com/Wigata-Intech/w-tools/cli v0.2.1 h1:yFWB0b0Udk8TSDU03+LVwhkEPRHQJY+JuC/5nFXfsnQ=
github.com/Wigata-Intech/w-tools/cli v0.2.1/go.mod h1:2s7b2ofdZR/CDB3mL511Pq16VpCYbY2vmZgflnc5c0c=
github.com/Wigata-Intech/w-tools/httpx v0.2.1 h1:hTMQAEnvY2vRPjPpophrD73swMwrhMa8eoGjNM+nA+g=
github.com/Wigata-Intech/w-tools/httpx v0.2.1/go.mod h1:CaK3pm3DulZbvfo8ZrwcG2WEYsT/+83/Ydahx1NkCYA=
github.com/Wigata-Intech/w-tools/logger v0.2.0 h1:FBsADuavv9oAOepIOXz4/yLf93uUUdOuI9j9SHbRRYg=
github.com/Wigata-Intech/w-tools/logger v0.2.0/go.mod h1:ZY7Q4MxHHkCHvy46QsOVnSsb/84Y2tHacczAIebvNu4=
